hash: c0b823d1e5700054df0467788788ef2be9cf63870472ee4e645f56907c0ff57e
updated: 2018-03-15T08:30:58.887343+02:00
imports:
- name: github.com/fatih/color
  version: 9131ab34cf20d2f6d83fdc67168a5430d1c7dc23
- name: github.com/hashicorp/go-version
  version: 4fe82ae3040f80a03d04d2cccb5606a626b8e1ee
testImports:
- name: github.com/davecgh/go-spew
  version: 6d212800a42e8ab5c146b8ace3490ee17e5225f9
  subpackages:
  - spew
- name: github.com/pmezard/go-difflib
  version: d8ed2627bdf02c080bf22230dbb337003b7aba2d
  subpackages:
  - difflib
- name: github.com/stretchr/testify
  version: 69483b4bd14f5845b5a1e55bca19e954e827f1d0
  subpackages:
  - assert
- name: gopkg.in/jarcoal/httpmock.v1
  version: 61bcb58a07522fbdf76a4cb03c57f5a52683d636
